
Microsoft Visual Studio Solution File, Format Version 12.00
# Visual Studio 15
VisualStudioVersion = 15.0.28010.2003
MinimumVisualStudioVersion = 10.0.40219.1
Project("{FAE04EC0-301F-11D3-BF4B-00C04F79EFBC}") = "DotNetCoreFrame", "DotNetCoreFrame\DotNetCoreFrame.csproj", "{D10E0C70-87FB-4B07-896E-71C98C907E83}"
EndProject
Global
	GlobalSection(SolutionConfigurationPlatforms) = preSolution
		Debug|Any CPU = Debug|Any CPU
		Release|Any CPU = Release|Any CPU
	EndGlobalSection
	GlobalSection(ProjectConfigurationPlatforms) = postSolution
		{D10E0C70-87FB-4B07-896E-71C98C907E83}.Debug|Any CPU.ActiveCfg = Debug|Any CPU
		{D10E0C70-87FB-4B07-896E-71C98C907E83}.Debug|Any CPU.Build.0 = Debug|Any CPU
		{D10E0C70-87FB-4B07-896E-71C98C907E83}.Release|Any CPU.ActiveCfg = Release|Any CPU
		{D10E0C70-87FB-4B07-896E-71C98C907E83}.Release|Any CPU.Build.0 = Release|Any CPU
	EndGlobalSection
	GlobalSection(SolutionProperties) = preSolution
		HideSolutionNode = FALSE
	EndGlobalSection
	GlobalSection(ExtensibilityGlobals) = postSolution
		SolutionGuid = {899C39F8-57E0-4475-B817-546329E13047}
	EndGlobalSection
EndGlobal
